Microsoft Visual Studio Solution File, Format Version 12.00
# Visual Studio Version 17
VisualStudioVersion = 17.0.31903.59
MinimumVisualStudioVersion = 10.0.40219.1
Project("{FAE04EC0-301F-11D3-BF4B-00C04F79EFBC}") = "EsmTspiot.Shared", "src\EsmTspiot.Shared\EsmTspiot.Shared.csproj", "{1F1F0A5A-9258-4B38-8FB8-C3C95094208A}"
EndProject
Project("{FAE04EC0-301F-11D3-BF4B-00C04F79EFBC}") = "EsmTspiot.Legacy.WinForms", "src\EsmTspiot.Legacy.WinForms\EsmTspiot.Legacy.WinForms.csproj", "{1468E7ED-8923-4C04-84B0-7CC95B2B7DE7}"
EndProject
Project("{FAE04EC0-301F-11D3-BF4B-00C04F79EFBC}") = "EsmTspiot.Modern.WinForms", "src\EsmTspiot.Modern.WinForms\EsmTspiot.Modern.WinForms.csproj", "{AD7F7978-8141-4642-9994-26AF4D02AB67}"
EndProject
Project("{FAE04EC0-301F-11D3-BF4B-00C04F79EFBC}") = "EsmTspiot.Shared.Tests", "tests\EsmTspiot.Shared.Tests\EsmTspiot.Shared.Tests.csproj", "{B70C42C0-BE21-4C27-AC2D-7962045D53A6}"
EndProject
Project("{FAE04EC0-301F-11D3-BF4B-00C04F79EFBC}") = "EsmTspiot.ServiceProvisioner", "src\EsmTspiot.ServiceProvisioner\EsmTspiot.ServiceProvisioner.csproj", "{44D1F05A-CABF-4D96-A7BB-EF37F4D58F93}"
EndProject
Project("{FAE04EC0-301F-11D3-BF4B-00C04F79EFBC}") = "EsmTspiot.ServiceProvisioner.Tests", "tests\EsmTspiot.ServiceProvisioner.Tests\EsmTspiot.ServiceProvisioner.Tests.csproj", "{B6A557CD-F08C-45F7-820B-143908BBD649}"
EndProject
Global
	GlobalSection(SolutionConfigurationPlatforms) = preSolution
		Debug|Any CPU = Debug|Any CPU
		Release|Any CPU = Release|Any CPU
	EndGlobalSection
	GlobalSection(ProjectConfigurationPlatforms) = postSolution
		{1F1F0A5A-9258-4B38-8FB8-C3C95094208A}.Debug|Any CPU.ActiveCfg = Debug|Any CPU
		{1F1F0A5A-9258-4B38-8FB8-C3C95094208A}.Debug|Any CPU.Build.0 = Debug|Any CPU
		{1F1F0A5A-9258-4B38-8FB8-C3C95094208A}.Release|Any CPU.ActiveCfg = Release|Any CPU
		{1F1F0A5A-9258-4B38-8FB8-C3C95094208A}.Release|Any CPU.Build.0 = Release|Any CPU
		{1468E7ED-8923-4C04-84B0-7CC95B2B7DE7}.Debug|Any CPU.ActiveCfg = Debug|Any CPU
		{1468E7ED-8923-4C04-84B0-7CC95B2B7DE7}.Debug|Any CPU.Build.0 = Debug|Any CPU
		{1468E7ED-8923-4C04-84B0-7CC95B2B7DE7}.Release|Any CPU.ActiveCfg = Release|Any CPU
		{1468E7ED-8923-4C04-84B0-7CC95B2B7DE7}.Release|Any CPU.Build.0 = Release|Any CPU
		{AD7F7978-8141-4642-9994-26AF4D02AB67}.Debug|Any CPU.ActiveCfg = Debug|Any CPU
		{AD7F7978-8141-4642-9994-26AF4D02AB67}.Debug|Any CPU.Build.0 = Debug|Any CPU
		{AD7F7978-8141-4642-9994-26AF4D02AB67}.Release|Any CPU.ActiveCfg = Release|Any CPU
		{AD7F7978-8141-4642-9994-26AF4D02AB67}.Release|Any CPU.Build.0 = Release|Any CPU
		{B70C42C0-BE21-4C27-AC2D-7962045D53A6}.Debug|Any CPU.ActiveCfg = Debug|Any CPU
		{B70C42C0-BE21-4C27-AC2D-7962045D53A6}.Debug|Any CPU.Build.0 = Debug|Any CPU
		{B70C42C0-BE21-4C27-AC2D-7962045D53A6}.Release|Any CPU.ActiveCfg = Release|Any CPU
		{B70C42C0-BE21-4C27-AC2D-7962045D53A6}.Release|Any CPU.Build.0 = Release|Any CPU
		{44D1F05A-CABF-4D96-A7BB-EF37F4D58F93}.Debug|Any CPU.ActiveCfg = Debug|Any CPU
		{44D1F05A-CABF-4D96-A7BB-EF37F4D58F93}.Debug|Any CPU.Build.0 = Debug|Any CPU
		{44D1F05A-CABF-4D96-A7BB-EF37F4D58F93}.Release|Any CPU.ActiveCfg = Release|Any CPU
		{44D1F05A-CABF-4D96-A7BB-EF37F4D58F93}.Release|Any CPU.Build.0 = Release|Any CPU
		{B6A557CD-F08C-45F7-820B-143908BBD649}.Debug|Any CPU.ActiveCfg = Debug|Any CPU
		{B6A557CD-F08C-45F7-820B-143908BBD649}.Debug|Any CPU.Build.0 = Debug|Any CPU
		{B6A557CD-F08C-45F7-820B-143908BBD649}.Release|Any CPU.ActiveCfg = Release|Any CPU
		{B6A557CD-F08C-45F7-820B-143908BBD649}.Release|Any CPU.Build.0 = Release|Any CPU
	EndGlobalSection
	GlobalSection(SolutionProperties) = preSolution
		HideSolutionNode = FALSE
	EndGlobalSection
EndGlobal
